{
  "requires": true,
  "lockfileVersion": 1,
  "dependencies": {
    "react-awesome-button": {
      "version": "6.1.2",
      "resolved": "https://registry.npmjs.org/react-awesome-button/-/react-awesome-button-6.1.2.tgz",
      "integrity": "sha512-pPpuH3c1RTGoZkcLzfhQ/1PVxc56XS69mDkI8qRtRY7/cD7z+YKYFEzUk0IAg5m8l/Uwro97TqCDLvJJUMl1MQ=="
    }
  }
}
